
Microsoft Visual Studio Solution File, Format Version 12.00
# Visual Studio Version 16
VisualStudioVersion = 16.0.31515.178
MinimumVisualStudioVersion = 10.0.40219.1
Project("{FAE04EC0-301F-11D3-BF4B-00C04F79EFBC}") = "QuizWhois", "QuizWhois\QuizWhois.csproj", "{95225EAC-AC33-4460-8485-223E3B8897E5}"
EndProject
Project("{FAE04EC0-301F-11D3-BF4B-00C04F79EFBC}") = "Common", "Common\Common.csproj", "{950F3048-A824-4EF1-AEBA-CE951FF5F22B}"
EndProject
Project("{FAE04EC0-301F-11D3-BF4B-00C04F79EFBC}") = "Domain", "Domain\Domain.csproj", "{C3802F19-CB06-4913-B057-C45BFBE52552}"
	ProjectSection(ProjectDependencies) = postProject
		{950F3048-A824-4EF1-AEBA-CE951FF5F22B} = {950F3048-A824-4EF1-AEBA-CE951FF5F22B}
	EndProjectSection
EndProject
Project("{FAE04EC0-301F-11D3-BF4B-00C04F79EFBC}") = "Infrastructure", "Infrastructure\Infrastructure.csproj", "{838F24B9-110F-4227-AEAF-FF909A44FCDD}"
EndProject
Project("{FAE04EC0-301F-11D3-BF4B-00C04F79EFBC}") = "UnitTests", "UnitTests\UnitTests.csproj", "{09898018-D7AC-4B35-81D8-4849E763A996}"
EndProject
Global
	GlobalSection(SolutionConfigurationPlatforms) = preSolution
		Debug|Any CPU = Debug|Any CPU
		Release|Any CPU = Release|Any CPU
	EndGlobalSection
	GlobalSection(ProjectConfigurationPlatforms) = postSolution
		{95225EAC-AC33-4460-8485-223E3B8897E5}.Debug|Any CPU.ActiveCfg = Debug|Any CPU
		{95225EAC-AC33-4460-8485-223E3B8897E5}.Debug|Any CPU.Build.0 = Debug|Any CPU
		{95225EAC-AC33-4460-8485-223E3B8897E5}.Release|Any CPU.ActiveCfg = Release|Any CPU
		{95225EAC-AC33-4460-8485-223E3B8897E5}.Release|Any CPU.Build.0 = Release|Any CPU
		{950F3048-A824-4EF1-AEBA-CE951FF5F22B}.Debug|Any CPU.ActiveCfg = Debug|Any CPU
		{950F3048-A824-4EF1-AEBA-CE951FF5F22B}.Debug|Any CPU.Build.0 = Debug|Any CPU
		{950F3048-A824-4EF1-AEBA-CE951FF5F22B}.Release|Any CPU.ActiveCfg = Release|Any CPU
		{950F3048-A824-4EF1-AEBA-CE951FF5F22B}.Release|Any CPU.Build.0 = Release|Any CPU
		{C3802F19-CB06-4913-B057-C45BFBE52552}.Debug|Any CPU.ActiveCfg = Debug|Any CPU
		{C3802F19-CB06-4913-B057-C45BFBE52552}.Debug|Any CPU.Build.0 = Debug|Any CPU
		{C3802F19-CB06-4913-B057-C45BFBE52552}.Release|Any CPU.ActiveCfg = Release|Any CPU
		{C3802F19-CB06-4913-B057-C45BFBE52552}.Release|Any CPU.Build.0 = Release|Any CPU
		{838F24B9-110F-4227-AEAF-FF909A44FCDD}.Debug|Any CPU.ActiveCfg = Debug|Any CPU
		{838F24B9-110F-4227-AEAF-FF909A44FCDD}.Debug|Any CPU.Build.0 = Debug|Any CPU
		{838F24B9-110F-4227-AEAF-FF909A44FCDD}.Release|Any CPU.ActiveCfg = Release|Any CPU
		{838F24B9-110F-4227-AEAF-FF909A44FCDD}.Release|Any CPU.Build.0 = Release|Any CPU
		{09898018-D7AC-4B35-81D8-4849E763A996}.Debug|Any CPU.ActiveCfg = Debug|Any CPU
		{09898018-D7AC-4B35-81D8-4849E763A996}.Debug|Any CPU.Build.0 = Debug|Any CPU
		{09898018-D7AC-4B35-81D8-4849E763A996}.Release|Any CPU.ActiveCfg = Release|Any CPU
		{09898018-D7AC-4B35-81D8-4849E763A996}.Release|Any CPU.Build.0 = Release|Any CPU
	EndGlobalSection
	GlobalSection(SolutionProperties) = preSolution
		HideSolutionNode = FALSE
	EndGlobalSection
	GlobalSection(ExtensibilityGlobals) = postSolution
		SolutionGuid = {BC3D9D1F-6876-4E59-96F4-B69063C070D8}
	EndGlobalSection
EndGlobal
